
Microsoft Visual Studio Solution File, Format Version 12.00
# Visual Studio Version 17
VisualStudioVersion = 17.10.35004.147
MinimumVisualStudioVersion = 10.0.40219.1
Project("{FAE04EC0-301F-11D3-BF4B-00C04F79EFBC}") = "CSharp4", "CSharp4.csproj", "{719ACEF0-BD37-4511-B88C-9280C7C92CF7}"
EndProject
Global
	GlobalSection(SolutionConfigurationPlatforms) = preSolution
		Debug|Any CPU = Debug|Any CPU
		Release|Any CPU = Release|Any CPU
	EndGlobalSection
	GlobalSection(ProjectConfigurationPlatforms) = postSolution
		{719ACEF0-BD37-4511-B88C-9280C7C92CF7}.Debug|Any CPU.ActiveCfg = Debug|Any CPU
		{719ACEF0-BD37-4511-B88C-9280C7C92CF7}.Debug|Any CPU.Build.0 = Debug|Any CPU
		{719ACEF0-BD37-4511-B88C-9280C7C92CF7}.Release|Any CPU.ActiveCfg = Release|Any CPU
		{719ACEF0-BD37-4511-B88C-9280C7C92CF7}.Release|Any CPU.Build.0 = Release|Any CPU
	EndGlobalSection
	GlobalSection(SolutionProperties) = preSolution
		HideSolutionNode = FALSE
	EndGlobalSection
	GlobalSection(ExtensibilityGlobals) = postSolution
		SolutionGuid = {E028CBE8-DA51-484D-95CB-B5FFDA6DF23F}
	EndGlobalSection
EndGlobal
